{
  "name": "@coretrek/mwc-drawer",
  "version": "0.1.1",
  "lockfileVersion": 1,
  "requires": true,
  "dependencies": {
    "@material/animation": {
      "version": "0.34.0",
      "resolved": "https://registry.npmjs.org/@material/animation/-/animation-0.34.0.tgz",
      "integrity": "sha512-HKWU+pHda+xSIV0lwrTMOb/N005NIAV7+tvEEjTiLrQx74eO6J9nIjfCpZ0W4D8Kb9K90lgHFo0ZRC6yDTjizQ=="
    },
    "@material/base": {
      "version": "0.35.0",
      "resolved": "https://registry.npmjs.org/@material/base/-/base-0.35.0.tgz",
      "integrity": "sha512-PYuluVzcH8hxtionVvpTSygTENlgyOHvJ5ka7JfbCRQfXlxjV8zKYwhh9u/1HqA6y1OonG1oGFCaBHopbdsNEQ=="
    },
    "@material/drawer": {
      "version": "0.36.0",
      "resolved": "https://registry.npmjs.org/@material/drawer/-/drawer-0.36.0.tgz",
      "integrity": "sha512-Io6iKhVP6Ms+cYMdcM4iExUkslm9Q1X+EB56S8HQh+Gdo0U4LpfrbzmqWmbrxLgymNH6EKHyMlJepgHjtBEUpA==",
      "requires": {
        "@material/animation": "0.34.0",
        "@material/base": "0.35.0",
        "@material/elevation": "0.35.0",
        "@material/rtl": "0.36.0",
        "@material/theme": "0.35.0",
        "@material/typography": "0.35.0"
      }
    },
    "@material/elevation": {
      "version": "0.35.0",
      "resolved": "https://registry.npmjs.org/@material/elevation/-/elevation-0.35.0.tgz",
      "integrity": "sha512-8j+CRrrmyJ/0cSLXI4NykqPIvkHf7dLVUd6G7g7BXDOQkNOMSuu+/8qWOl8zpzd6eoXCqhD8JeZCw684XhVzQw==",
      "requires": {
        "@material/animation": "0.34.0",
        "@material/theme": "0.4.0"
      },
      "dependencies": {
        "@material/theme": {
          "version": "0.4.0",
          "resolved": "https://registry.npmjs.org/@material/theme/-/theme-0.4.0.tgz",
          "integrity": "sha1-Cu8aAnm2XBWZBYT7i47KCVxzRkE="
        }
      }
    },
    "@material/rtl": {
      "version": "0.36.0",
      "resolved": "https://registry.npmjs.org/@material/rtl/-/rtl-0.36.0.tgz",
      "integrity": "sha512-uCMwWGdKG0ooYh1kVINz7vTgSY++9wnvU3kOqjRdfOY+PZHWSa/X/EqRdE9Q1pUFwYlQeU2PXE/Z2dTK/nlziw=="
    },
    "@material/theme": {
      "version": "0.35.0",
      "resolved": "https://registry.npmjs.org/@material/theme/-/theme-0.35.0.tgz",
      "integrity": "sha512-jTjRDPKlWVCNnSs4RRe/eq9+F5lFBzxfbuI7klgCR6jTXRMB93jKKKO7k6chgo9l0oObhLh81ao6sq/eV0WFIw=="
    },
    "@material/typography": {
      "version": "0.35.0",
      "resolved": "https://registry.npmjs.org/@material/typography/-/typography-0.35.0.tgz",
      "integrity": "sha512-7uXybSQToQCgB19RT0Pq47NkXSSojpbccVAObw/7fmfNUTcr3elNc8iPS/f1slYDTDEdyqM7hCreLcfZQK8ATQ=="
    }
  }
}
